// !$*UTF8*$!
{
	archiveVersion = 1;
	classes = {
	};
	objectVersion = 48;
	objects = {

/* Begin PBXBuildFile section */
		9686A29520224EAF0016BA5B /* AppDelegate.swift in Sources */ = {isa = PBXBuildFile; fileRef = 9686A29420224EAF0016BA5B /* AppDelegate.swift */; };
		9686A29720224EAF0016BA5B /* ViewController.swift in Sources */ = {isa = PBXBuildFile; fileRef = 9686A29620224EAF0016BA5B /* ViewController.swift */; };
		9686A29D20224EAF0016BA5B /* Radius.xcdatamodeld in Sources */ = {isa = PBXBuildFile; fileRef = 9686A29B20224EAF0016BA5B /* Radius.xcdatamodeld */; };
		9686A29F20224EAF0016BA5B /* Assets.xcassets in Resources */ = {isa = PBXBuildFile; fileRef = 9686A29E20224EAF0016BA5B /* Assets.xcassets */; };
		9686A2A220224EAF0016BA5B /* LaunchScreen.storyboard in Resources */ = {isa = PBXBuildFile; fileRef = 9686A2A020224EAF0016BA5B /* LaunchScreen.storyboard */; };
/* End PBXBuildFile section */

/* Begin PBXFileReference section */
		9686A29120224EAF0016BA5B /* Radius.app */ = {isa = PBXFileReference; explicitFileType = wrapper.application; includeInIndex = 0; path = Radius.app; sourceTree = BUILT_PRODUCTS_DIR; };
		9686A29420224EAF0016BA5B /* AppDelegate.swift */ = {isa = PBXFileReference; lastKnownFileType = sourcecode.swift; path = AppDelegate.swift; sourceTree = "<group>"; };
		9686A29620224EAF0016BA5B /* ViewController.swift */ = {isa = PBXFileReference; lastKnownFileType = sourcecode.swift; path = ViewController.swift; sourceTree = "<group>"; };
		9686A29C20224EAF0016BA5B /* Radius.xcdatamodel */ = {isa = PBXFileReference; lastKnownFileType = wrapper.xcdatamodel; path = Radius.xcdatamodel; sourceTree = "<group>"; };
		9686A29E20224EAF0016BA5B /* Assets.xcassets */ = {isa = PBXFileReference; lastKnownFileType = folder.assetcatalog; path = Assets.xcassets; sourceTree = "<group>"; };
		9686A2A120224EAF0016BA5B /* Base */ = {isa = PBXFileReference; lastKnownFileType = file.storyboard; name = Base; path = Base.lproj/LaunchScreen.storyboard; sourceTree = "<group>"; };
		9686A2A320224EAF0016BA5B /* Info.plist */ = {isa = PBXFileReference; lastKnownFileType = text.plist.xml; path = Info.plist; sourceTree = "<group>"; };
/* End PBXFileReference section */

/* Begin PBXFrameworksBuildPhase section */
		9686A28E20224EAE0016BA5B /* Frameworks */ = {
			isa = PBXFrameworksBuildPhase;
			buildActionMask = 2147483647;
			files = (
			);
			runOnlyForDeploymentPostprocessing = 0;
		};
/* End PBXFrameworksBuildPhase section */

/* Begin PBXGroup section */
		9686A28820224EAE0016BA5B = {
			isa = PBXGroup;
			children = (
				9686A29320224EAF0016BA5B /* Radius */,
				9686A29220224EAF0016BA5B /* Products */,
			);
			sourceTree = "<group>";
		};
		9686A29220224EAF0016BA5B /* Products */ = {
			isa = PBXGroup;
			children = (
				9686A29120224EAF0016BA5B /* Radius.app */,
			);
			name = Products;
			sourceTree = "<group>";
		};
		9686A29320224EAF0016BA5B /* Radius */ = {
			isa = PBXGroup;
			children = (
				9686A29420224EAF0016BA5B /* AppDelegate.swift */,
				9686A29620224EAF0016BA5B /* ViewController.swift */,
				9686A29E20224EAF0016BA5B /* Assets.xcassets */,
				9686A2A020224EAF0016BA5B /* LaunchScreen.storyboard */,
				9686A2A320224EAF0016BA5B /* Info.plist */,
				9686A29B20224EAF0016BA5B /* Radius.xcdatamodeld */,
			);
			path = Radius;
			sourceTree = "<group>";
		};
/* End PBXGroup section */

/* Begin PBXNativeTarget section */
		9686A29020224EAE0016BA5B /* Radius */ = {
			isa = PBXNativeTarget;
			buildConfigurationList = 9686A2A620224EAF0016BA5B /* Build configuration list for PBXNativeTarget "Radius" */;
			buildPhases = (
				9686A28D20224EAE0016BA5B /* Sources */,
				9686A28E20224EAE0016BA5B /* Frameworks */,
				9686A28F20224EAE0016BA5B /* Resources */,
			);
			buildRules = (
			);
			dependencies = (
			);
			name = Radius;
			productName = Radius;
			productReference = 9686A29120224EAF0016BA5B /* Radius.app */;
			productType = "com.apple.product-type.application";
		};
/* End PBXNativeTarget section */

/* Begin PBXProject section */
		9686A28920224EAE0016BA5B /* Project object */ = {
			isa = PBXProject;
			attributes = {
				LastSwiftUpdateCheck = 0920;
				LastUpgradeCheck = 0920;
				ORGANIZATIONNAME = Tridie2000;
				TargetAttributes = {
					9686A29020224EAE0016BA5B = {
						CreatedOnToolsVersion = 9.2;
						ProvisioningStyle = Automatic;
					};
				};
			};
			buildConfigurationList = 9686A28C20224EAE0016BA5B /* Build configuration list for PBXProject "Radius" */;
			compatibilityVersion = "Xcode 8.0";
			developmentRegion = en;
			hasScannedForEncodings = 0;
			knownRegions = (
				en,
				Base,
			);
			mainGroup = 9686A28820224EAE0016BA5B;
			productRefGroup = 9686A29220224EAF0016BA5B /* Products */;
			projectDirPath = "";
			projectRoot = "";
			targets = (
				9686A29020224EAE0016BA5B /* Radius */,
			);
		};
/* End PBXProject section */

/* Begin PBXResourcesBuildPhase section */
		9686A28F20224EAE0016BA5B /* Resources */ = {
			isa = PBXResourcesBuildPhase;
			buildActionMask = 2147483647;
			files = (
				9686A2A220224EAF0016BA5B /* LaunchScreen.storyboard in Resources */,
				9686A29F20224EAF0016BA5B /* Assets.xcassets in Resources */,
			);
			runOnlyForDeploymentPostprocessing = 0;
		};
/* End PBXResourcesBuildPhase section */

/* Begin PBXSourcesBuildPhase section */
		9686A28D20224EAE0016BA5B /* Sources */ = {
			isa = PBXSourcesBuildPhase;
			buildActionMask = 2147483647;
			files = (
				9686A29D20224EAF0016BA5B /* Radius.xcdatamodeld in Sources */,
				9686A29720224EAF0016BA5B /* ViewController.swift in Sources */,
				9686A29520224EAF0016BA5B /* AppDelegate.swift in Sources */,
			);
			runOnlyForDeploymentPostprocessing = 0;
		};
/* End PBXSourcesBuildPhase section */

/* Begin PBXVariantGroup section */
		9686A2A020224EAF0016BA5B /* LaunchScreen.storyboard */ = {
			isa = PBXVariantGroup;
			children = (
				9686A2A120224EAF0016BA5B /* Base */,
			);
			name = LaunchScreen.storyboard;
			sourceTree = "<group>";
		};
/* End PBXVariantGroup section */

/* Begin XCBuildConfiguration section */
		9686A2A420224EAF0016BA5B /* Debug */ = {
			isa = XCBuildConfiguration;
			buildSettings = {
				ALWAYS_SEARCH_USER_PATHS = NO;
				CLANG_ANALYZER_NONNULL = YES;
				CLANG_ANALYZER_NUMBER_OBJECT_CONVERSION = YES_AGGRESSIVE;
				CLANG_CXX_LANGUAGE_STANDARD = "gnu++14";
				CLANG_CXX_LIBRARY = "libc++";
				CLANG_ENABLE_MODULES = YES;
				CLANG_ENABLE_OBJC_ARC = YES;
				CLANG_WARN_BLOCK_CAPTURE_AUTORELEASING = YES;
				CLANG_WARN_BOOL_CONVERSION = YES;
				CLANG_WARN_COMMA = YES;
				CLANG_WARN_CONSTANT_CONVERSION = YES;
				CLANG_WARN_DIRECT_OBJC_ISA_USAGE = YES_ERROR;
				CLANG_WARN_DOCUMENTATION_COMMENTS = YES;
				CLANG_WARN_EMPTY_BODY = YES;
				CLANG_WARN_ENUM_CONVERSION = YES;
				CLANG_WARN_INFINITE_RECURSION = YES;
				CLANG_WARN_INT_CONVERSION = YES;
				CLANG_WARN_NON_LITERAL_NULL_CONVERSION = YES;
				CLANG_WARN_OBJC_LITERAL_CONVERSION = YES;
				CLANG_WARN_OBJC_ROOT_CLASS = YES_ERROR;
				CLANG_WARN_RANGE_LOOP_ANALYSIS = YES;
				CLANG_WARN_STRICT_PROTOTYPES = YES;
				CLANG_WARN_SUSPICIOUS_MOVE = YES;
				CLANG_WARN_UNGUARDED_AVAILABILITY = YES_AGGRESSIVE;
				CLANG_WARN_UNREACHABLE_CODE = YES;
				CLANG_WARN__DUPLICATE_METHOD_MATCH = YES;
				CODE_SIGN_IDENTITY = "iPhone Developer";
				COPY_PHASE_STRIP = NO;
				DEBUG_INFORMATION_FORMAT = dwarf;
				ENABLE_STRICT_OBJC_MSGSEND = YES;
				ENABLE_TESTABILITY = YES;
				GCC_C_LANGUAGE_STANDARD = gnu11;
				GCC_DYNAMIC_NO_PIC = NO;
				GCC_NO_COMMON_BLOCKS = YES;
				GCC_OPTIMIZATION_LEVEL = 0;
				GCC_PREPROCESSOR_DEFINITIONS = (
					"DEBUG=1",
					"$(inherited)",
				);
				GCC_WARN_64_TO_32_BIT_CONVERSION = YES;
				GCC_WARN_ABOUT_RETURN_TYPE = YES_ERROR;
				GCC_WARN_UNDECLARED_SELECTOR = YES;
				GCC_WARN_UNINITIALIZED_AUTOS = YES_AGGRESSIVE;
				GCC_WARN_UNUSED_FUNCTION = YES;
				GCC_WARN_UNUSED_VARIABLE = YES;
				IPHONEOS_DEPLOYMENT_TARGET = 11.2;
				MTL_ENABLE_DEBUG_INFO = YES;
				ONLY_ACTIVE_ARCH = YES;
				SDKROOT = iphoneos;
				SWIFT_ACTIVE_COMPILATION_CONDITIONS = DEBUG;
				SWIFT_OPTIMIZATION_LEVEL = "-Onone";
			};
			name = Debug;
		};
		9686A2A520224EAF0016BA5B /* Release */ = {
			isa = XCBuildConfiguration;
			buildSettings = {
				ALWAYS_SEARCH_USER_PATHS = NO;
				CLANG_ANALYZER_NONNULL = YES;
				CLANG_ANALYZER_NUMBER_OBJECT_CONVERSION = YES_AGGRESSIVE;
				CLANG_CXX_LANGUAGE_STANDARD = "gnu++14";
				CLANG_CXX_LIBRARY = "libc++";
				CLANG_ENABLE_MODULES = YES;
				CLANG_ENABLE_OBJC_ARC = YES;
				CLANG_WARN_BLOCK_CAPTURE_AUTORELEASING = YES;
				CLANG_WARN_BOOL_CONVERSION = YES;
				CLANG_WARN_COMMA = YES;
				CLANG_WARN_CONSTANT_CONVERSION = YES;
				CLANG_WARN_DIRECT_OBJC_ISA_USAGE = YES_ERROR;
				CLANG_WARN_DOCUMENTATION_COMMENTS = YES;
				CLANG_WARN_EMPTY_BODY = YES;
				CLANG_WARN_ENUM_CONVERSION = YES;
				CLANG_WARN_INFINITE_RECURSION = YES;
				CLANG_WARN_INT_CONVERSION = YES;
				CLANG_WARN_NON_LITERAL_NULL_CONVERSION = YES;
				CLANG_WARN_OBJC_LITERAL_CONVERSION = YES;
				CLANG_WARN_OBJC_ROOT_CLASS = YES_ERROR;
				CLANG_WARN_RANGE_LOOP_ANALYSIS = YES;
				CLANG_WARN_STRICT_PROTOTYPES = YES;
				CLANG_WARN_SUSPICIOUS_MOVE = YES;
				CLANG_WARN_UNGUARDED_AVAILABILITY = YES_AGGRESSIVE;
				CLANG_WARN_UNREACHABLE_CODE = YES;
				CLANG_WARN__DUPLICATE_METHOD_MATCH = YES;
				CODE_SIGN_IDENTITY = "iPhone Developer";
				COPY_PHASE_STRIP = NO;
				DEBUG_INFORMATION_FORMAT = "dwarf-with-dsym";
				ENABLE_NS_ASSERTIONS = NO;
				ENABLE_STRICT_OBJC_MSGSEND = YES;
				GCC_C_LANGUAGE_STANDARD = gnu11;
				GCC_NO_COMMON_BLOCKS = YES;
				GCC_WARN_64_TO_32_BIT_CONVERSION = YES;
				GCC_WARN_ABOUT_RETURN_TYPE = YES_ERROR;
				GCC_WARN_UNDECLARED_SELECTOR = YES;
				GCC_WARN_UNINITIALIZED_AUTOS = YES_AGGRESSIVE;
				GCC_WARN_UNUSED_FUNCTION = YES;
				GCC_WARN_UNUSED_VARIABLE = YES;
				IPHONEOS_DEPLOYMENT_TARGET = 11.2;
				MTL_ENABLE_DEBUG_INFO = NO;
				SDKROOT = iphoneos;
				SWIFT_OPTIMIZATION_LEVEL = "-Owholemodule";
				VALIDATE_PRODUCT = YES;
			};
			name = Release;
		};
		9686A2A720224EAF0016BA5B /* Debug */ = {
			isa = XCBuildConfiguration;
			buildSettings = {
				ASSETCATALOG_COMPILER_APPICON_NAME = AppIcon;
				CODE_SIGN_STYLE = Automatic;
				DEVELOPMENT_TEAM = 8945LEFC6X;
				INFOPLIST_FILE = Radius/Info.plist;
				LD_RUNPATH_SEARCH_PATHS = "$(inherited) @executable_path/Frameworks";
				PRODUCT_BUNDLE_IDENTIFIER = com.tridie2000.Radius;
				PRODUCT_NAME = "$(TARGET_NAME)";
				SWIFT_VERSION = 4.0;
				TARGETED_DEVICE_FAMILY = "1,2";
			};
			name = Debug;
		};
		9686A2A820224EAF0016BA5B /* Release */ = {
			isa = XCBuildConfiguration;
			buildSettings = {
				ASSETCATALOG_COMPILER_APPICON_NAME = AppIcon;
				CODE_SIGN_STYLE = Automatic;
				DEVELOPMENT_TEAM = 8945LEFC6X;
				INFOPLIST_FILE = Radius/Info.plist;
				LD_RUNPATH_SEARCH_PATHS = "$(inherited) @executable_path/Frameworks";
				PRODUCT_BUNDLE_IDENTIFIER = com.tridie2000.Radius;
				PRODUCT_NAME = "$(TARGET_NAME)";
				SWIFT_VERSION = 4.0;
				TARGETED_DEVICE_FAMILY = "1,2";
			};
			name = Release;
		};
/* End XCBuildConfiguration section */

/* Begin XCConfigurationList section */
		9686A28C20224EAE0016BA5B /* Build configuration list for PBXProject "Radius" */ = {
			isa = XCConfigurationList;
			buildConfigurations = (
				9686A2A420224EAF0016BA5B /* Debug */,
				9686A2A520224EAF0016BA5B /* Release */,
			);
			defaultConfigurationIsVisible = 0;
			defaultConfigurationName = Release;
		};
		9686A2A620224EAF0016BA5B /* Build configuration list for PBXNativeTarget "Radius" */ = {
			isa = XCConfigurationList;
			buildConfigurations = (
				9686A2A720224EAF0016BA5B /* Debug */,
				9686A2A820224EAF0016BA5B /* Release */,
			);
			defaultConfigurationIsVisible = 0;
			defaultConfigurationName = Release;
		};
/* End XCConfigurationList section */

/* Begin XCVersionGroup section */
		9686A29B20224EAF0016BA5B /* Radius.xcdatamodeld */ = {
			isa = XCVersionGroup;
			children = (
				9686A29C20224EAF0016BA5B /* Radius.xcdatamodel */,
			);
			currentVersion = 9686A29C20224EAF0016BA5B /* Radius.xcdatamodel */;
			path = Radius.xcdatamodeld;
			sourceTree = "<group>";
			versionGroupType = wrapper.xcdatamodel;
		};
/* End XCVersionGroup section */
	};
	rootObject = 9686A28920224EAE0016BA5B /* Project object */;
}
